
Microsoft Visual Studio Solution File, Format Version 12.00
# Visual Studio Version 17
VisualStudioVersion = 17.6.33801.468
MinimumVisualStudioVersion = 10.0.40219.1
Project("{FAE04EC0-301F-11D3-BF4B-00C04F79EFBC}") = "Esercizio-6-ADVANCES_C--.NET", "Esercizio-6-ADVANCES_C--.NET\Esercizio-6-ADVANCES_C--.NET.csproj", "{DAF35C35-0376-4E15-B868-FFF4690335CA}"
EndProject
Global
	GlobalSection(SolutionConfigurationPlatforms) = preSolution
		Debug|Any CPU = Debug|Any CPU
		Release|Any CPU = Release|Any CPU
	EndGlobalSection
	GlobalSection(ProjectConfigurationPlatforms) = postSolution
		{DAF35C35-0376-4E15-B868-FFF4690335CA}.Debug|Any CPU.ActiveCfg = Debug|Any CPU
		{DAF35C35-0376-4E15-B868-FFF4690335CA}.Debug|Any CPU.Build.0 = Debug|Any CPU
		{DAF35C35-0376-4E15-B868-FFF4690335CA}.Release|Any CPU.ActiveCfg = Release|Any CPU
		{DAF35C35-0376-4E15-B868-FFF4690335CA}.Release|Any CPU.Build.0 = Release|Any CPU
	EndGlobalSection
	GlobalSection(SolutionProperties) = preSolution
		HideSolutionNode = FALSE
	EndGlobalSection
	GlobalSection(ExtensibilityGlobals) = postSolution
		SolutionGuid = {FD957E57-634D-4E02-AD0F-1EE1278037BF}
	EndGlobalSection
EndGlobal
